// !$*UTF8*$!
{
	archiveVersion = 1;
	classes = {
	};
	objectVersion = 55;
	objects = {

/* Begin PBXBuildFile section */
		571EA9D7273A45A200E1DD88 /* GameStruct.swift in Sources */ = {isa = PBXBuildFile; fileRef = 571EA9D6273A45A200E1DD88 /* GameStruct.swift */; };
		571EA9D9273A45D300E1DD88 /* MatchStruct.swift in Sources */ = {isa = PBXBuildFile; fileRef = 571EA9D8273A45D300E1DD88 /* MatchStruct.swift */; };
		571EA9DB273A45F900E1DD88 /* WorldCupStruct.swift in Sources */ = {isa = PBXBuildFile; fileRef = 571EA9DA273A45F900E1DD88 /* WorldCupStruct.swift */; };
		571EA9E8273A502500E1DD88 /* Util.swift in Sources */ = {isa = PBXBuildFile; fileRef = 571EA9E7273A502500E1DD88 /* Util.swift */; };
		571EA9EA273A503100E1DD88 /* winners.json in Resources */ = {isa = PBXBuildFile; fileRef = 571EA9E9273A503100E1DD88 /* winners.json */; };
		57A5C79B273B55AD000B8400 /* WinnersTableViewCell.swift in Sources */ = {isa = PBXBuildFile; fileRef = 57A5C79A273B55AD000B8400 /* WinnersTableViewCell.swift */; };
		57CDFC852736CE8200A619CA /* AppDelegate.swift in Sources */ = {isa = PBXBuildFile; fileRef = 57CDFC842736CE8200A619CA /* AppDelegate.swift */; };
		57CDFC872736CE8200A619CA /* SceneDelegate.swift in Sources */ = {isa = PBXBuildFile; fileRef = 57CDFC862736CE8200A619CA /* SceneDelegate.swift */; };
		57CDFC8C2736CE8200A619CA /* Main.storyboard in Resources */ = {isa = PBXBuildFile; fileRef = 57CDFC8A2736CE8200A619CA /* Main.storyboard */; };
		57CDFC8F2736CE8200A619CA /* Champions.xcdatamodeld in Sources */ = {isa = PBXBuildFile; fileRef = 57CDFC8D2736CE8200A619CA /* Champions.xcdatamodeld */; };
		57CDFC912736CE8A00A619CA /* Assets.xcassets in Resources */ = {isa = PBXBuildFile; fileRef = 57CDFC902736CE8A00A619CA /* Assets.xcassets */; };
		57CDFC942736CE8A00A619CA /* LaunchScreen.storyboard in Resources */ = {isa = PBXBuildFile; fileRef = 57CDFC922736CE8A00A619CA /* LaunchScreen.storyboard */; };
		57CDFCA02736F38000A619CA /* WinnersTableViewController.swift in Sources */ = {isa = PBXBuildFile; fileRef = 57CDFC9F2736F38000A619CA /* WinnersTableViewController.swift */; };
		57CDFCA32736F92B00A619CA /* WorldCupViewController.swift in Sources */ = {isa = PBXBuildFile; fileRef = 57CDFCA22736F92B00A619CA /* WorldCupViewController.swift */; };
		57EF3B91274057FA0012A82A /* IntExtensions.swift in Sources */ = {isa = PBXBuildFile; fileRef = 57EF3B90274057FA0012A82A /* IntExtensions.swift */; };
/* End PBXBuildFile section */

/* Begin PBXFileReference section */
		571EA9D6273A45A200E1DD88 /* GameStruct.swift */ = {isa = PBXFileReference; lastKnownFileType = sourcecode.swift; path = GameStruct.swift; sourceTree = "<group>"; };
		571EA9D8273A45D300E1DD88 /* MatchStruct.swift */ = {isa = PBXFileReference; lastKnownFileType = sourcecode.swift; path = MatchStruct.swift; sourceTree = "<group>"; };
		571EA9DA273A45F900E1DD88 /* WorldCupStruct.swift */ = {isa = PBXFileReference; lastKnownFileType = sourcecode.swift; path = WorldCupStruct.swift; sourceTree = "<group>"; };
		571EA9E7273A502500E1DD88 /* Util.swift */ = {isa = PBXFileReference; fileEncoding = 4; lastKnownFileType = sourcecode.swift; path = Util.swift; sourceTree = "<group>"; };
		571EA9E9273A503100E1DD88 /* winners.json */ = {isa = PBXFileReference; fileEncoding = 4; lastKnownFileType = text.json; path = winners.json; sourceTree = "<group>"; };
		57A5C79A273B55AD000B8400 /* WinnersTableViewCell.swift */ = {isa = PBXFileReference; lastKnownFileType = sourcecode.swift; path = WinnersTableViewCell.swift; sourceTree = "<group>"; };
		57CDFC812736CE8200A619CA /* Champions.app */ = {isa = PBXFileReference; explicitFileType = wrapper.application; includeInIndex = 0; path = Champions.app; sourceTree = BUILT_PRODUCTS_DIR; };
		57CDFC842736CE8200A619CA /* AppDelegate.swift */ = {isa = PBXFileReference; lastKnownFileType = sourcecode.swift; path = AppDelegate.swift; sourceTree = "<group>"; };
		57CDFC862736CE8200A619CA /* SceneDelegate.swift */ = {isa = PBXFileReference; lastKnownFileType = sourcecode.swift; path = SceneDelegate.swift; sourceTree = "<group>"; };
		57CDFC8B2736CE8200A619CA /* Base */ = {isa = PBXFileReference; lastKnownFileType = file.storyboard; name = Base; path = Base.lproj/Main.storyboard; sourceTree = "<group>"; };
		57CDFC8E2736CE8200A619CA /* Champions.xcdatamodel */ = {isa = PBXFileReference; lastKnownFileType = wrapper.xcdatamodel; path = Champions.xcdatamodel; sourceTree = "<group>"; };
		57CDFC902736CE8A00A619CA /* Assets.xcassets */ = {isa = PBXFileReference; lastKnownFileType = folder.assetcatalog; path = Assets.xcassets; sourceTree = "<group>"; };
		57CDFC932736CE8A00A619CA /* Base */ = {isa = PBXFileReference; lastKnownFileType = file.storyboard; name = Base; path = Base.lproj/LaunchScreen.storyboard; sourceTree = "<group>"; };
		57CDFC952736CE8A00A619CA /* Info.plist */ = {isa = PBXFileReference; lastKnownFileType = text.plist.xml; path = Info.plist; sourceTree = "<group>"; };
		57CDFC9F2736F38000A619CA /* WinnersTableViewController.swift */ = {isa = PBXFileReference; lastKnownFileType = sourcecode.swift; path = WinnersTableViewController.swift; sourceTree = "<group>"; };
		57CDFCA22736F92B00A619CA /* WorldCupViewController.swift */ = {isa = PBXFileReference; lastKnownFileType = sourcecode.swift; path = WorldCupViewController.swift; sourceTree = "<group>"; };
		57EF3B90274057FA0012A82A /* IntExtensions.swift */ = {isa = PBXFileReference; lastKnownFileType = sourcecode.swift; path = IntExtensions.swift; sourceTree = "<group>"; };
/* End PBXFileReference section */

/* Begin PBXFrameworksBuildPhase section */
		57CDFC7E2736CE8200A619CA /* Frameworks */ = {
			isa = PBXFrameworksBuildPhase;
			buildActionMask = 2147483647;
			files = (
			);
			runOnlyForDeploymentPostprocessing = 0;
		};
/* End PBXFrameworksBuildPhase section */

/* Begin PBXGroup section */
		571EA9D5273A458900E1DD88 /* Model */ = {
			isa = PBXGroup;
			children = (
				571EA9D6273A45A200E1DD88 /* GameStruct.swift */,
				571EA9D8273A45D300E1DD88 /* MatchStruct.swift */,
				571EA9DA273A45F900E1DD88 /* WorldCupStruct.swift */,
			);
			path = Model;
			sourceTree = "<group>";
		};
		571EA9E1273A4A5700E1DD88 /* Data */ = {
			isa = PBXGroup;
			children = (
				571EA9E9273A503100E1DD88 /* winners.json */,
			);
			path = Data;
			sourceTree = "<group>";
		};
		571EA9E4273A4AA000E1DD88 /* Util */ = {
			isa = PBXGroup;
			children = (
				57EF3B8F274057EB0012A82A /* Extensions */,
				571EA9E7273A502500E1DD88 /* Util.swift */,
			);
			path = Util;
			sourceTree = "<group>";
		};
		57A5C799273B5573000B8400 /* Cell */ = {
			isa = PBXGroup;
			children = (
				57A5C79A273B55AD000B8400 /* WinnersTableViewCell.swift */,
			);
			path = Cell;
			sourceTree = "<group>";
		};
		57CDFC782736CE8200A619CA = {
			isa = PBXGroup;
			children = (
				57CDFC832736CE8200A619CA /* Champions */,
				57CDFC822736CE8200A619CA /* Products */,
			);
			sourceTree = "<group>";
		};
		57CDFC822736CE8200A619CA /* Products */ = {
			isa = PBXGroup;
			children = (
				57CDFC812736CE8200A619CA /* Champions.app */,
			);
			name = Products;
			sourceTree = "<group>";
		};
		57CDFC832736CE8200A619CA /* Champions */ = {
			isa = PBXGroup;
			children = (
				57A5C799273B5573000B8400 /* Cell */,
				571EA9E4273A4AA000E1DD88 /* Util */,
				571EA9E1273A4A5700E1DD88 /* Data */,
				571EA9D5273A458900E1DD88 /* Model */,
				57CDFCA12736F54A00A619CA /* Controllers */,
				57CDFC9E2736F2E900A619CA /* Views */,
				57CDFC842736CE8200A619CA /* AppDelegate.swift */,
				57CDFC862736CE8200A619CA /* SceneDelegate.swift */,
				57CDFC902736CE8A00A619CA /* Assets.xcassets */,
				57CDFC952736CE8A00A619CA /* Info.plist */,
				57CDFC8D2736CE8200A619CA /* Champions.xcdatamodeld */,
			);
			path = Champions;
			sourceTree = "<group>";
		};
		57CDFC9E2736F2E900A619CA /* Views */ = {
			isa = PBXGroup;
			children = (
				57CDFC8A2736CE8200A619CA /* Main.storyboard */,
				57CDFC922736CE8A00A619CA /* LaunchScreen.storyboard */,
			);
			path = Views;
			sourceTree = "<group>";
		};
		57CDFCA12736F54A00A619CA /* Controllers */ = {
			isa = PBXGroup;
			children = (
				57CDFC9F2736F38000A619CA /* WinnersTableViewController.swift */,
				57CDFCA22736F92B00A619CA /* WorldCupViewController.swift */,
			);
			path = Controllers;
			sourceTree = "<group>";
		};
		57EF3B8F274057EB0012A82A /* Extensions */ = {
			isa = PBXGroup;
			children = (
				57EF3B90274057FA0012A82A /* IntExtensions.swift */,
			);
			path = Extensions;
			sourceTree = "<group>";
		};
/* End PBXGroup section */

/* Begin PBXNativeTarget section */
		57CDFC802736CE8200A619CA /* Champions */ = {
			isa = PBXNativeTarget;
			buildConfigurationList = 57CDFC982736CE8A00A619CA /* Build configuration list for PBXNativeTarget "Champions" */;
			buildPhases = (
				57CDFC7D2736CE8200A619CA /* Sources */,
				57CDFC7E2736CE8200A619CA /* Frameworks */,
				57CDFC7F2736CE8200A619CA /* Resources */,
			);
			buildRules = (
			);
			dependencies = (
			);
			name = Champions;
			productName = Champions;
			productReference = 57CDFC812736CE8200A619CA /* Champions.app */;
			productType = "com.apple.product-type.application";
		};
/* End PBXNativeTarget section */

/* Begin PBXProject section */
		57CDFC792736CE8200A619CA /* Project object */ = {
			isa = PBXProject;
			attributes = {
				BuildIndependentTargetsInParallel = 1;
				LastSwiftUpdateCheck = 1310;
				LastUpgradeCheck = 1310;
				TargetAttributes = {
					57CDFC802736CE8200A619CA = {
						CreatedOnToolsVersion = 13.1;
					};
				};
			};
			buildConfigurationList = 57CDFC7C2736CE8200A619CA /* Build configuration list for PBXProject "Champions" */;
			compatibilityVersion = "Xcode 13.0";
			developmentRegion = en;
			hasScannedForEncodings = 0;
			knownRegions = (
				en,
				Base,
			);
			mainGroup = 57CDFC782736CE8200A619CA;
			productRefGroup = 57CDFC822736CE8200A619CA /* Products */;
			projectDirPath = "";
			projectRoot = "";
			targets = (
				57CDFC802736CE8200A619CA /* Champions */,
			);
		};
/* End PBXProject section */

/* Begin PBXResourcesBuildPhase section */
		57CDFC7F2736CE8200A619CA /* Resources */ = {
			isa = PBXResourcesBuildPhase;
			buildActionMask = 2147483647;
			files = (
				57CDFC942736CE8A00A619CA /* LaunchScreen.storyboard in Resources */,
				57CDFC912736CE8A00A619CA /* Assets.xcassets in Resources */,
				571EA9EA273A503100E1DD88 /* winners.json in Resources */,
				57CDFC8C2736CE8200A619CA /* Main.storyboard in Resources */,
			);
			runOnlyForDeploymentPostprocessing = 0;
		};
/* End PBXResourcesBuildPhase section */

/* Begin PBXSourcesBuildPhase section */
		57CDFC7D2736CE8200A619CA /* Sources */ = {
			isa = PBXSourcesBuildPhase;
			buildActionMask = 2147483647;
			files = (
				571EA9D7273A45A200E1DD88 /* GameStruct.swift in Sources */,
				571EA9E8273A502500E1DD88 /* Util.swift in Sources */,
				57CDFCA02736F38000A619CA /* WinnersTableViewController.swift in Sources */,
				571EA9D9273A45D300E1DD88 /* MatchStruct.swift in Sources */,
				57EF3B91274057FA0012A82A /* IntExtensions.swift in Sources */,
				57CDFCA32736F92B00A619CA /* WorldCupViewController.swift in Sources */,
				571EA9DB273A45F900E1DD88 /* WorldCupStruct.swift in Sources */,
				57CDFC8F2736CE8200A619CA /* Champions.xcdatamodeld in Sources */,
				57CDFC852736CE8200A619CA /* AppDelegate.swift in Sources */,
				57A5C79B273B55AD000B8400 /* WinnersTableViewCell.swift in Sources */,
				57CDFC872736CE8200A619CA /* SceneDelegate.swift in Sources */,
			);
			runOnlyForDeploymentPostprocessing = 0;
		};
/* End PBXSourcesBuildPhase section */

/* Begin PBXVariantGroup section */
		57CDFC8A2736CE8200A619CA /* Main.storyboard */ = {
			isa = PBXVariantGroup;
			children = (
				57CDFC8B2736CE8200A619CA /* Base */,
			);
			name = Main.storyboard;
			sourceTree = "<group>";
		};
		57CDFC922736CE8A00A619CA /* LaunchScreen.storyboard */ = {
			isa = PBXVariantGroup;
			children = (
				57CDFC932736CE8A00A619CA /* Base */,
			);
			name = LaunchScreen.storyboard;
			sourceTree = "<group>";
		};
/* End PBXVariantGroup section */

/* Begin XCBuildConfiguration section */
		57CDFC962736CE8A00A619CA /* Debug */ = {
			isa = XCBuildConfiguration;
			buildSettings = {
				ALWAYS_SEARCH_USER_PATHS = NO;
				CLANG_ANALYZER_NONNULL = YES;
				CLANG_ANALYZER_NUMBER_OBJECT_CONVERSION = YES_AGGRESSIVE;
				CLANG_CXX_LANGUAGE_STANDARD = "gnu++17";
				CLANG_CXX_LIBRARY = "libc++";
				CLANG_ENABLE_MODULES = YES;
				CLANG_ENABLE_OBJC_ARC = YES;
				CLANG_ENABLE_OBJC_WEAK = YES;
				CLANG_WARN_BLOCK_CAPTURE_AUTORELEASING = YES;
				CLANG_WARN_BOOL_CONVERSION = YES;
				CLANG_WARN_COMMA = YES;
				CLANG_WARN_CONSTANT_CONVERSION = YES;
				CLANG_WARN_DEPRECATED_OBJC_IMPLEMENTATIONS = YES;
				CLANG_WARN_DIRECT_OBJC_ISA_USAGE = YES_ERROR;
				CLANG_WARN_DOCUMENTATION_COMMENTS = YES;
				CLANG_WARN_EMPTY_BODY = YES;
				CLANG_WARN_ENUM_CONVERSION = YES;
				CLANG_WARN_INFINITE_RECURSION = YES;
				CLANG_WARN_INT_CONVERSION = YES;
				CLANG_WARN_NON_LITERAL_NULL_CONVERSION = YES;
				CLANG_WARN_OBJC_IMPLICIT_RETAIN_SELF = YES;
				CLANG_WARN_OBJC_LITERAL_CONVERSION = YES;
				CLANG_WARN_OBJC_ROOT_CLASS = YES_ERROR;
				CLANG_WARN_QUOTED_INCLUDE_IN_FRAMEWORK_HEADER = YES;
				CLANG_WARN_RANGE_LOOP_ANALYSIS = YES;
				CLANG_WARN_STRICT_PROTOTYPES = YES;
				CLANG_WARN_SUSPICIOUS_MOVE = YES;
				CLANG_WARN_UNGUARDED_AVAILABILITY = YES_AGGRESSIVE;
				CLANG_WARN_UNREACHABLE_CODE = YES;
				CLANG_WARN__DUPLICATE_METHOD_MATCH = YES;
				COPY_PHASE_STRIP = NO;
				DEBUG_INFORMATION_FORMAT = dwarf;
				ENABLE_STRICT_OBJC_MSGSEND = YES;
				ENABLE_TESTABILITY = YES;
				GCC_C_LANGUAGE_STANDARD = gnu11;
				GCC_DYNAMIC_NO_PIC = NO;
				GCC_NO_COMMON_BLOCKS = YES;
				GCC_OPTIMIZATION_LEVEL = 0;
				GCC_PREPROCESSOR_DEFINITIONS = (
					"DEBUG=1",
					"$(inherited)",
				);
				GCC_WARN_64_TO_32_BIT_CONVERSION = YES;
				GCC_WARN_ABOUT_RETURN_TYPE = YES_ERROR;
				GCC_WARN_UNDECLARED_SELECTOR = YES;
				GCC_WARN_UNINITIALIZED_AUTOS = YES_AGGRESSIVE;
				GCC_WARN_UNUSED_FUNCTION = YES;
				GCC_WARN_UNUSED_VARIABLE = YES;
				IPHONEOS_DEPLOYMENT_TARGET = 15.0;
				MTL_ENABLE_DEBUG_INFO = INCLUDE_SOURCE;
				MTL_FAST_MATH = YES;
				ONLY_ACTIVE_ARCH = YES;
				SDKROOT = iphoneos;
				SWIFT_ACTIVE_COMPILATION_CONDITIONS = DEBUG;
				SWIFT_OPTIMIZATION_LEVEL = "-Onone";
			};
			name = Debug;
		};
		57CDFC972736CE8A00A619CA /* Release */ = {
			isa = XCBuildConfiguration;
			buildSettings = {
				ALWAYS_SEARCH_USER_PATHS = NO;
				CLANG_ANALYZER_NONNULL = YES;
				CLANG_ANALYZER_NUMBER_OBJECT_CONVERSION = YES_AGGRESSIVE;
				CLANG_CXX_LANGUAGE_STANDARD = "gnu++17";
				CLANG_CXX_LIBRARY = "libc++";
				CLANG_ENABLE_MODULES = YES;
				CLANG_ENABLE_OBJC_ARC = YES;
				CLANG_ENABLE_OBJC_WEAK = YES;
				CLANG_WARN_BLOCK_CAPTURE_AUTORELEASING = YES;
				CLANG_WARN_BOOL_CONVERSION = YES;
				CLANG_WARN_COMMA = YES;
				CLANG_WARN_CONSTANT_CONVERSION = YES;
				CLANG_WARN_DEPRECATED_OBJC_IMPLEMENTATIONS = YES;
				CLANG_WARN_DIRECT_OBJC_ISA_USAGE = YES_ERROR;
				CLANG_WARN_DOCUMENTATION_COMMENTS = YES;
				CLANG_WARN_EMPTY_BODY = YES;
				CLANG_WARN_ENUM_CONVERSION = YES;
				CLANG_WARN_INFINITE_RECURSION = YES;
				CLANG_WARN_INT_CONVERSION = YES;
				CLANG_WARN_NON_LITERAL_NULL_CONVERSION = YES;
				CLANG_WARN_OBJC_IMPLICIT_RETAIN_SELF = YES;
				CLANG_WARN_OBJC_LITERAL_CONVERSION = YES;
				CLANG_WARN_OBJC_ROOT_CLASS = YES_ERROR;
				CLANG_WARN_QUOTED_INCLUDE_IN_FRAMEWORK_HEADER = YES;
				CLANG_WARN_RANGE_LOOP_ANALYSIS = YES;
				CLANG_WARN_STRICT_PROTOTYPES = YES;
				CLANG_WARN_SUSPICIOUS_MOVE = YES;
				CLANG_WARN_UNGUARDED_AVAILABILITY = YES_AGGRESSIVE;
				CLANG_WARN_UNREACHABLE_CODE = YES;
				CLANG_WARN__DUPLICATE_METHOD_MATCH = YES;
				COPY_PHASE_STRIP = NO;
				DEBUG_INFORMATION_FORMAT = "dwarf-with-dsym";
				ENABLE_NS_ASSERTIONS = NO;
				ENABLE_STRICT_OBJC_MSGSEND = YES;
				GCC_C_LANGUAGE_STANDARD = gnu11;
				GCC_NO_COMMON_BLOCKS = YES;
				GCC_WARN_64_TO_32_BIT_CONVERSION = YES;
				GCC_WARN_ABOUT_RETURN_TYPE = YES_ERROR;
				GCC_WARN_UNDECLARED_SELECTOR = YES;
				GCC_WARN_UNINITIALIZED_AUTOS = YES_AGGRESSIVE;
				GCC_WARN_UNUSED_FUNCTION = YES;
				GCC_WARN_UNUSED_VARIABLE = YES;
				IPHONEOS_DEPLOYMENT_TARGET = 15.0;
				MTL_ENABLE_DEBUG_INFO = NO;
				MTL_FAST_MATH = YES;
				SDKROOT = iphoneos;
				SWIFT_COMPILATION_MODE = wholemodule;
				SWIFT_OPTIMIZATION_LEVEL = "-O";
				VALIDATE_PRODUCT = YES;
			};
			name = Release;
		};
		57CDFC992736CE8A00A619CA /* Debug */ = {
			isa = XCBuildConfiguration;
			buildSettings = {
				ASSETCATALOG_COMPILER_APPICON_NAME = AppIcon;
				ASSETCATALOG_COMPILER_GLOBAL_ACCENT_COLOR_NAME = AccentColor;
				CODE_SIGN_STYLE = Automatic;
				CURRENT_PROJECT_VERSION = 1;
				GENERATE_INFOPLIST_FILE = YES;
				INFOPLIST_FILE = Champions/Info.plist;
				INFOPLIST_KEY_UIApplicationSupportsIndirectInputEvents = YES;
				INFOPLIST_KEY_UILaunchStoryboardName = LaunchScreen;
				INFOPLIST_KEY_UIMainStoryboardFile = Main;
				INFOPLIST_KEY_UISupportedInterfaceOrientations = UIInterfaceOrientationPortrait;
				INFOPLIST_KEY_UISupportedInterfaceOrientations_iPad = "UIInterfaceOrientationPortrait UIInterfaceOrientationPortraitUpsideDown UIInterfaceOrientationLandscapeLeft UIInterfaceOrientationLandscapeRight";
				INFOPLIST_KEY_UISupportedInterfaceOrientations_iPhone = "UIInterfaceOrientationPortrait UIInterfaceOrientationLandscapeLeft UIInterfaceOrientationLandscapeRight";
				LD_RUNPATH_SEARCH_PATHS = (
					"$(inherited)",
					"@executable_path/Frameworks",
				);
				MARKETING_VERSION = 1.0;
				PRODUCT_BUNDLE_IDENTIFIER = com.italo.Champions;
				PRODUCT_NAME = "$(TARGET_NAME)";
				SWIFT_EMIT_LOC_STRINGS = YES;
				SWIFT_VERSION = 5.0;
				TARGETED_DEVICE_FAMILY = 1;
			};
			name = Debug;
		};
		57CDFC9A2736CE8A00A619CA /* Release */ = {
			isa = XCBuildConfiguration;
			buildSettings = {
				ASSETCATALOG_COMPILER_APPICON_NAME = AppIcon;
				ASSETCATALOG_COMPILER_GLOBAL_ACCENT_COLOR_NAME = AccentColor;
				CODE_SIGN_STYLE = Automatic;
				CURRENT_PROJECT_VERSION = 1;
				GENERATE_INFOPLIST_FILE = YES;
				INFOPLIST_FILE = Champions/Info.plist;
				INFOPLIST_KEY_UIApplicationSupportsIndirectInputEvents = YES;
				INFOPLIST_KEY_UILaunchStoryboardName = LaunchScreen;
				INFOPLIST_KEY_UIMainStoryboardFile = Main;
				INFOPLIST_KEY_UISupportedInterfaceOrientations = UIInterfaceOrientationPortrait;
				INFOPLIST_KEY_UISupportedInterfaceOrientations_iPad = "UIInterfaceOrientationPortrait UIInterfaceOrientationPortraitUpsideDown UIInterfaceOrientationLandscapeLeft UIInterfaceOrientationLandscapeRight";
				INFOPLIST_KEY_UISupportedInterfaceOrientations_iPhone = "UIInterfaceOrientationPortrait UIInterfaceOrientationLandscapeLeft UIInterfaceOrientationLandscapeRight";
				LD_RUNPATH_SEARCH_PATHS = (
					"$(inherited)",
					"@executable_path/Frameworks",
				);
				MARKETING_VERSION = 1.0;
				PRODUCT_BUNDLE_IDENTIFIER = com.italo.Champions;
				PRODUCT_NAME = "$(TARGET_NAME)";
				SWIFT_EMIT_LOC_STRINGS = YES;
				SWIFT_VERSION = 5.0;
				TARGETED_DEVICE_FAMILY = 1;
			};
			name = Release;
		};
/* End XCBuildConfiguration section */

/* Begin XCConfigurationList section */
		57CDFC7C2736CE8200A619CA /* Build configuration list for PBXProject "Champions" */ = {
			isa = XCConfigurationList;
			buildConfigurations = (
				57CDFC962736CE8A00A619CA /* Debug */,
				57CDFC972736CE8A00A619CA /* Release */,
			);
			defaultConfigurationIsVisible = 0;
			defaultConfigurationName = Release;
		};
		57CDFC982736CE8A00A619CA /* Build configuration list for PBXNativeTarget "Champions" */ = {
			isa = XCConfigurationList;
			buildConfigurations = (
				57CDFC992736CE8A00A619CA /* Debug */,
				57CDFC9A2736CE8A00A619CA /* Release */,
			);
			defaultConfigurationIsVisible = 0;
			defaultConfigurationName = Release;
		};
/* End XCConfigurationList section */

/* Begin XCVersionGroup section */
		57CDFC8D2736CE8200A619CA /* Champions.xcdatamodeld */ = {
			isa = XCVersionGroup;
			children = (
				57CDFC8E2736CE8200A619CA /* Champions.xcdatamodel */,
			);
			currentVersion = 57CDFC8E2736CE8200A619CA /* Champions.xcdatamodel */;
			path = Champions.xcdatamodeld;
			sourceTree = "<group>";
			versionGroupType = wrapper.xcdatamodel;
		};
/* End XCVersionGroup section */
	};
	rootObject = 57CDFC792736CE8200A619CA /* Project object */;
}
